
Microsoft Visual Studio Solution File, Format Version 12.00
# Visual Studio Version 17
VisualStudioVersion = 17.2.32616.157
MinimumVisualStudioVersion = 10.0.40219.1
Project("{FAE04EC0-301F-11D3-BF4B-00C04F79EFBC}") = "AmIReal", "AmIReal\AmIReal.csproj", "{3ACC6BB5-520E-4CFC-BB98-6E2CB3A74D58}"
EndProject
Global
	GlobalSection(SolutionConfigurationPlatforms) = preSolution
		Debug|Any CPU = Debug|Any CPU
		Release|Any CPU = Release|Any CPU
	EndGlobalSection
	GlobalSection(ProjectConfigurationPlatforms) = postSolution
		{3ACC6BB5-520E-4CFC-BB98-6E2CB3A74D58}.Debug|Any CPU.ActiveCfg = Debug|Any CPU
		{3ACC6BB5-520E-4CFC-BB98-6E2CB3A74D58}.Debug|Any CPU.Build.0 = Debug|Any CPU
		{3ACC6BB5-520E-4CFC-BB98-6E2CB3A74D58}.Release|Any CPU.ActiveCfg = Release|Any CPU
		{3ACC6BB5-520E-4CFC-BB98-6E2CB3A74D58}.Release|Any CPU.Build.0 = Release|Any CPU
	EndGlobalSection
	GlobalSection(SolutionProperties) = preSolution
		HideSolutionNode = FALSE
	EndGlobalSection
	GlobalSection(ExtensibilityGlobals) = postSolution
		SolutionGuid = {232E18F5-050A-4A98-B4B9-B1D24D639126}
	EndGlobalSection
EndGlobal
