
Microsoft Visual Studio Solution File, Format Version 12.00
# Visual Studio Version 17
VisualStudioVersion = 17.2.32616.157
MinimumVisualStudioVersion = 10.0.40219.1
Project("{FAE04EC0-301F-11D3-BF4B-00C04F79EFBC}") = "RichTextBoxSinirlama", "RichTextBoxSinirlama\RichTextBoxSinirlama.csproj", "{DA6A01EA-B975-41B7-9A6B-C0A309ACEE17}"
EndProject
Project("{FAE04EC0-301F-11D3-BF4B-00C04F79EFBC}") = "SifreZorlukDerecesi", "SifreZorlukDerecesi\SifreZorlukDerecesi.csproj", "{D8E58C31-1F88-4A59-8BE9-83189D5471A5}"
EndProject
Project("{FAE04EC0-301F-11D3-BF4B-00C04F79EFBC}") = "CokluForm", "CokluForm\CokluForm.csproj", "{93B286A1-4CB6-4125-9AE6-DFC73120891D}"
EndProject
Project("{FAE04EC0-301F-11D3-BF4B-00C04F79EFBC}") = "GirisKayit", "GirisKayit\GirisKayit.csproj", "{55E5AC8F-9C21-4A48-8004-9B85F245FAA8}"
EndProject
Project("{FAE04EC0-301F-11D3-BF4B-00C04F79EFBC}") = "SinavNot", "SinavNot\SinavNot.csproj", "{D9277CA1-F42E-4710-BCE8-FB8681583487}"
EndProject
Global
	GlobalSection(SolutionConfigurationPlatforms) = preSolution
		Debug|Any CPU = Debug|Any CPU
		Release|Any CPU = Release|Any CPU
	EndGlobalSection
	GlobalSection(ProjectConfigurationPlatforms) = postSolution
		{DA6A01EA-B975-41B7-9A6B-C0A309ACEE17}.Debug|Any CPU.ActiveCfg = Debug|Any CPU
		{DA6A01EA-B975-41B7-9A6B-C0A309ACEE17}.Debug|Any CPU.Build.0 = Debug|Any CPU
		{DA6A01EA-B975-41B7-9A6B-C0A309ACEE17}.Release|Any CPU.ActiveCfg = Release|Any CPU
		{DA6A01EA-B975-41B7-9A6B-C0A309ACEE17}.Release|Any CPU.Build.0 = Release|Any CPU
		{D8E58C31-1F88-4A59-8BE9-83189D5471A5}.Debug|Any CPU.ActiveCfg = Debug|Any CPU
		{D8E58C31-1F88-4A59-8BE9-83189D5471A5}.Debug|Any CPU.Build.0 = Debug|Any CPU
		{D8E58C31-1F88-4A59-8BE9-83189D5471A5}.Release|Any CPU.ActiveCfg = Release|Any CPU
		{D8E58C31-1F88-4A59-8BE9-83189D5471A5}.Release|Any CPU.Build.0 = Release|Any CPU
		{93B286A1-4CB6-4125-9AE6-DFC73120891D}.Debug|Any CPU.ActiveCfg = Debug|Any CPU
		{93B286A1-4CB6-4125-9AE6-DFC73120891D}.Debug|Any CPU.Build.0 = Debug|Any CPU
		{93B286A1-4CB6-4125-9AE6-DFC73120891D}.Release|Any CPU.ActiveCfg = Release|Any CPU
		{93B286A1-4CB6-4125-9AE6-DFC73120891D}.Release|Any CPU.Build.0 = Release|Any CPU
		{55E5AC8F-9C21-4A48-8004-9B85F245FAA8}.Debug|Any CPU.ActiveCfg = Debug|Any CPU
		{55E5AC8F-9C21-4A48-8004-9B85F245FAA8}.Debug|Any CPU.Build.0 = Debug|Any CPU
		{55E5AC8F-9C21-4A48-8004-9B85F245FAA8}.Release|Any CPU.ActiveCfg = Release|Any CPU
		{55E5AC8F-9C21-4A48-8004-9B85F245FAA8}.Release|Any CPU.Build.0 = Release|Any CPU
		{D9277CA1-F42E-4710-BCE8-FB8681583487}.Debug|Any CPU.ActiveCfg = Debug|Any CPU
		{D9277CA1-F42E-4710-BCE8-FB8681583487}.Debug|Any CPU.Build.0 = Debug|Any CPU
		{D9277CA1-F42E-4710-BCE8-FB8681583487}.Release|Any CPU.ActiveCfg = Release|Any CPU
		{D9277CA1-F42E-4710-BCE8-FB8681583487}.Release|Any CPU.Build.0 = Release|Any CPU
	EndGlobalSection
	GlobalSection(SolutionProperties) = preSolution
		HideSolutionNode = FALSE
	EndGlobalSection
	GlobalSection(ExtensibilityGlobals) = postSolution
		SolutionGuid = {8C8E3F26-9B74-4030-A599-939314481D0E}
	EndGlobalSection
EndGlobal
