
Microsoft Visual Studio Solution File, Format Version 12.00
# Visual Studio Version 17
VisualStudioVersion = 17.2.32616.157
MinimumVisualStudioVersion = 10.0.40219.1
Project("{FAE04EC0-301F-11D3-BF4B-00C04F79EFBC}") = "NortwindDBFirst", "NortwindDBFirst\NortwindDBFirst.csproj", "{2359CEE9-386B-4640-B124-39CE1582C6EE}"
EndProject
Global
	GlobalSection(SolutionConfigurationPlatforms) = preSolution
		Debug|Any CPU = Debug|Any CPU
		Release|Any CPU = Release|Any CPU
	EndGlobalSection
	GlobalSection(ProjectConfigurationPlatforms) = postSolution
		{2359CEE9-386B-4640-B124-39CE1582C6EE}.Debug|Any CPU.ActiveCfg = Debug|Any CPU
		{2359CEE9-386B-4640-B124-39CE1582C6EE}.Debug|Any CPU.Build.0 = Debug|Any CPU
		{2359CEE9-386B-4640-B124-39CE1582C6EE}.Release|Any CPU.ActiveCfg = Release|Any CPU
		{2359CEE9-386B-4640-B124-39CE1582C6EE}.Release|Any CPU.Build.0 = Release|Any CPU
	EndGlobalSection
	GlobalSection(SolutionProperties) = preSolution
		HideSolutionNode = FALSE
	EndGlobalSection
	GlobalSection(ExtensibilityGlobals) = postSolution
		SolutionGuid = {E5AABC8C-F476-4A2B-9FE0-953A77745AD6}
	EndGlobalSection
EndGlobal
