
Microsoft Visual Studio Solution File, Format Version 12.00
# Visual Studio Version 17
VisualStudioVersion = 17.2.32616.157
MinimumVisualStudioVersion = 10.0.40219.1
Project("{FAE04EC0-301F-11D3-BF4B-00C04F79EFBC}") = "Asp.Grup1Odev", "Asp.Grup1Odev\Asp.Grup1Odev.csproj", "{7DD56009-E663-40E3-B25E-B6EF22085C7C}"
EndProject
Global
	GlobalSection(SolutionConfigurationPlatforms) = preSolution
		Debug|Any CPU = Debug|Any CPU
		Release|Any CPU = Release|Any CPU
	EndGlobalSection
	GlobalSection(ProjectConfigurationPlatforms) = postSolution
		{7DD56009-E663-40E3-B25E-B6EF22085C7C}.Debug|Any CPU.ActiveCfg = Debug|Any CPU
		{7DD56009-E663-40E3-B25E-B6EF22085C7C}.Debug|Any CPU.Build.0 = Debug|Any CPU
		{7DD56009-E663-40E3-B25E-B6EF22085C7C}.Release|Any CPU.ActiveCfg = Release|Any CPU
		{7DD56009-E663-40E3-B25E-B6EF22085C7C}.Release|Any CPU.Build.0 = Release|Any CPU
	EndGlobalSection
	GlobalSection(SolutionProperties) = preSolution
		HideSolutionNode = FALSE
	EndGlobalSection
	GlobalSection(ExtensibilityGlobals) = postSolution
		SolutionGuid = {084C3E87-0DBB-4B51-ABB2-DC4BEDDB1A5C}
	EndGlobalSection
EndGlobal
