
Microsoft Visual Studio Solution File, Format Version 12.00
# Visual Studio Version 17
VisualStudioVersion = 17.2.32616.157
MinimumVisualStudioVersion = 10.0.40219.1
Project("{FAE04EC0-301F-11D3-BF4B-00C04F79EFBC}") = "WebSayiGirisi", "WebSayiGirisi\WebSayiGirisi.csproj", "{01981FA3-B454-4BAE-8A8E-6BD11C8A5553}"
EndProject
Project("{FAE04EC0-301F-11D3-BF4B-00C04F79EFBC}") = "WebApplication1", "WebApplication1\WebApplication1.csproj", "{16BDD62B-D851-4F4E-A98F-C08B67C0089B}"
EndProject
Global
	GlobalSection(SolutionConfigurationPlatforms) = preSolution
		Debug|Any CPU = Debug|Any CPU
		Release|Any CPU = Release|Any CPU
	EndGlobalSection
	GlobalSection(ProjectConfigurationPlatforms) = postSolution
		{01981FA3-B454-4BAE-8A8E-6BD11C8A5553}.Debug|Any CPU.ActiveCfg = Debug|Any CPU
		{01981FA3-B454-4BAE-8A8E-6BD11C8A5553}.Debug|Any CPU.Build.0 = Debug|Any CPU
		{01981FA3-B454-4BAE-8A8E-6BD11C8A5553}.Release|Any CPU.ActiveCfg = Release|Any CPU
		{01981FA3-B454-4BAE-8A8E-6BD11C8A5553}.Release|Any CPU.Build.0 = Release|Any CPU
		{16BDD62B-D851-4F4E-A98F-C08B67C0089B}.Debug|Any CPU.ActiveCfg = Debug|Any CPU
		{16BDD62B-D851-4F4E-A98F-C08B67C0089B}.Debug|Any CPU.Build.0 = Debug|Any CPU
		{16BDD62B-D851-4F4E-A98F-C08B67C0089B}.Release|Any CPU.ActiveCfg = Release|Any CPU
		{16BDD62B-D851-4F4E-A98F-C08B67C0089B}.Release|Any CPU.Build.0 = Release|Any CPU
	EndGlobalSection
	GlobalSection(SolutionProperties) = preSolution
		HideSolutionNode = FALSE
	EndGlobalSection
	GlobalSection(ExtensibilityGlobals) = postSolution
		SolutionGuid = {036A652F-E65E-4512-8837-E4DCE6EBD4AD}
	EndGlobalSection
EndGlobal
