
Microsoft Visual Studio Solution File, Format Version 12.00
# Visual Studio Version 17
VisualStudioVersion = 17.4.33403.182
MinimumVisualStudioVersion = 10.0.40219.1
Project("{FAE04EC0-301F-11D3-BF4B-00C04F79EFBC}") = "WFA_Nortwind.UI", "WFA_Nortwind.UI\WFA_Nortwind.UI.csproj", "{0EE26923-C4E0-46B3-ABB5-DC50E0ECDC2B}"
EndProject
Global
	GlobalSection(SolutionConfigurationPlatforms) = preSolution
		Debug|Any CPU = Debug|Any CPU
		Release|Any CPU = Release|Any CPU
	EndGlobalSection
	GlobalSection(ProjectConfigurationPlatforms) = postSolution
		{0EE26923-C4E0-46B3-ABB5-DC50E0ECDC2B}.Debug|Any CPU.ActiveCfg = Debug|Any CPU
		{0EE26923-C4E0-46B3-ABB5-DC50E0ECDC2B}.Debug|Any CPU.Build.0 = Debug|Any CPU
		{0EE26923-C4E0-46B3-ABB5-DC50E0ECDC2B}.Release|Any CPU.ActiveCfg = Release|Any CPU
		{0EE26923-C4E0-46B3-ABB5-DC50E0ECDC2B}.Release|Any CPU.Build.0 = Release|Any CPU
	EndGlobalSection
	GlobalSection(SolutionProperties) = preSolution
		HideSolutionNode = FALSE
	EndGlobalSection
	GlobalSection(ExtensibilityGlobals) = postSolution
		SolutionGuid = {F562332A-ECCB-46B9-8A26-9F284FC6FC90}
	EndGlobalSection
EndGlobal
